
Microsoft Visual Studio Solution File, Format Version 12.00
# Visual Studio Version 16
VisualStudioVersion = 16.0.31729.503
MinimumVisualStudioVersion = 10.0.40219.1
Project("{FAE04EC0-301F-11D3-BF4B-00C04F79EFBC}") = "ViewDataGrid", "ViewDataGrid\ViewDataGrid.csproj", "{EA44A00C-C7B0-48D4-9E89-72A784D1CFC5}"
EndProject
Global
	GlobalSection(SolutionConfigurationPlatforms) = preSolution
		Debug|Any CPU = Debug|Any CPU
		Release|Any CPU = Release|Any CPU
	EndGlobalSection
	GlobalSection(ProjectConfigurationPlatforms) = postSolution
		{EA44A00C-C7B0-48D4-9E89-72A784D1CFC5}.Debug|Any CPU.ActiveCfg = Debug|Any CPU
		{EA44A00C-C7B0-48D4-9E89-72A784D1CFC5}.Debug|Any CPU.Build.0 = Debug|Any CPU
		{EA44A00C-C7B0-48D4-9E89-72A784D1CFC5}.Release|Any CPU.ActiveCfg = Release|Any CPU
		{EA44A00C-C7B0-48D4-9E89-72A784D1CFC5}.Release|Any CPU.Build.0 = Release|Any CPU
	EndGlobalSection
	GlobalSection(SolutionProperties) = preSolution
		HideSolutionNode = FALSE
	EndGlobalSection
	GlobalSection(ExtensibilityGlobals) = postSolution
		SolutionGuid = {F5189420-76E2-4E0A-A8DA-3F81E75BBD3B}
	EndGlobalSection
EndGlobal
